// !$*UTF8*$!
{
	archiveVersion = 1;
	classes = {
	};
	objectVersion = 46;
	objects = {

/* Begin PBXBuildFile section */
		751D53401EC4402C00FC3922 /* AppDelegate.swift in Sources */ = {isa = PBXBuildFile; fileRef = 751D533F1EC4402C00FC3922 /* AppDelegate.swift */; };
		751D53421EC4402C00FC3922 /* ViewController.swift in Sources */ = {isa = PBXBuildFile; fileRef = 751D53411EC4402C00FC3922 /* ViewController.swift */; };
		751D53451EC4402C00FC3922 /* Main.storyboard in Resources */ = {isa = PBXBuildFile; fileRef = 751D53431EC4402C00FC3922 /* Main.storyboard */; };
		751D53471EC4402C00FC3922 /* Assets.xcassets in Resources */ = {isa = PBXBuildFile; fileRef = 751D53461EC4402C00FC3922 /* Assets.xcassets */; };
		751D534A1EC4402C00FC3922 /* LaunchScreen.storyboard in Resources */ = {isa = PBXBuildFile; fileRef = 751D53481EC4402C00FC3922 /* LaunchScreen.storyboard */; };
		751D53551EC4402D00FC3922 /* Thuc_hanh_3Tests.swift in Sources */ = {isa = PBXBuildFile; fileRef = 751D53541EC4402D00FC3922 /* Thuc_hanh_3Tests.swift */; };
		751D53601EC4402E00FC3922 /* Thuc_hanh_3UITests.swift in Sources */ = {isa = PBXBuildFile; fileRef = 751D535F1EC4402E00FC3922 /* Thuc_hanh_3UITests.swift */; };
		751D536E1EC441FE00FC3922 /* vidu.plist in Resources */ = {isa = PBXBuildFile; fileRef = 751D536D1EC441FE00FC3922 /* vidu.plist */; };
/* End PBXBuildFile section */

/* Begin PBXContainerItemProxy section */
		751D53511EC4402D00FC3922 /* PBXContainerItemProxy */ = {
			isa = PBXContainerItemProxy;
			containerPortal = 751D53341EC4402C00FC3922 /* Project object */;
			proxyType = 1;
			remoteGlobalIDString = 751D533B1EC4402C00FC3922;
			remoteInfo = "Thuc hanh 3";
		};
		751D535C1EC4402D00FC3922 /* PBXContainerItemProxy */ = {
			isa = PBXContainerItemProxy;
			containerPortal = 751D53341EC4402C00FC3922 /* Project object */;
			proxyType = 1;
			remoteGlobalIDString = 751D533B1EC4402C00FC3922;
			remoteInfo = "Thuc hanh 3";
		};
/* End PBXContainerItemProxy section */

/* Begin PBXFileReference section */
		751D533C1EC4402C00FC3922 /* Thuc hanh 3.app */ = {isa = PBXFileReference; explicitFileType = wrapper.application; includeInIndex = 0; path = "Thuc hanh 3.app"; sourceTree = BUILT_PRODUCTS_DIR; };
		751D533F1EC4402C00FC3922 /* AppDelegate.swift */ = {isa = PBXFileReference; lastKnownFileType = sourcecode.swift; path = AppDelegate.swift; sourceTree = "<group>"; };
		751D53411EC4402C00FC3922 /* ViewController.swift */ = {isa = PBXFileReference; lastKnownFileType = sourcecode.swift; path = ViewController.swift; sourceTree = "<group>"; };
		751D53441EC4402C00FC3922 /* Base */ = {isa = PBXFileReference; lastKnownFileType = file.storyboard; name = Base; path = Base.lproj/Main.storyboard; sourceTree = "<group>"; };
		751D53461EC4402C00FC3922 /* Assets.xcassets */ = {isa = PBXFileReference; lastKnownFileType = folder.assetcatalog; path = Assets.xcassets; sourceTree = "<group>"; };
		751D53491EC4402C00FC3922 /* Base */ = {isa = PBXFileReference; lastKnownFileType = file.storyboard; name = Base; path = Base.lproj/LaunchScreen.storyboard; sourceTree = "<group>"; };
		751D534B1EC4402C00FC3922 /* Info.plist */ = {isa = PBXFileReference; lastKnownFileType = text.plist.xml; path = Info.plist; sourceTree = "<group>"; };
		751D53501EC4402D00FC3922 /* Thuc hanh 3Tests.xctest */ = {isa = PBXFileReference; explicitFileType = wrapper.cfbundle; includeInIndex = 0; path = "Thuc hanh 3Tests.xctest"; sourceTree = BUILT_PRODUCTS_DIR; };
		751D53541EC4402D00FC3922 /* Thuc_hanh_3Tests.swift */ = {isa = PBXFileReference; lastKnownFileType = sourcecode.swift; path = Thuc_hanh_3Tests.swift; sourceTree = "<group>"; };
		751D53561EC4402D00FC3922 /* Info.plist */ = {isa = PBXFileReference; lastKnownFileType = text.plist.xml; path = Info.plist; sourceTree = "<group>"; };
		751D535B1EC4402D00FC3922 /* Thuc hanh 3UITests.xctest */ = {isa = PBXFileReference; explicitFileType = wrapper.cfbundle; includeInIndex = 0; path = "Thuc hanh 3UITests.xctest"; sourceTree = BUILT_PRODUCTS_DIR; };
		751D535F1EC4402E00FC3922 /* Thuc_hanh_3UITests.swift */ = {isa = PBXFileReference; lastKnownFileType = sourcecode.swift; path = Thuc_hanh_3UITests.swift; sourceTree = "<group>"; };
		751D53611EC4402E00FC3922 /* Info.plist */ = {isa = PBXFileReference; lastKnownFileType = text.plist.xml; path = Info.plist; sourceTree = "<group>"; };
		751D536D1EC441FE00FC3922 /* vidu.plist */ = {isa = PBXFileReference; fileEncoding = 4; lastKnownFileType = text.plist.xml; path = vidu.plist; sourceTree = "<group>"; };
/* End PBXFileReference section */

/* Begin PBXFrameworksBuildPhase section */
		751D53391EC4402C00FC3922 /* Frameworks */ = {
			isa = PBXFrameworksBuildPhase;
			buildActionMask = 2147483647;
			files = (
			);
			runOnlyForDeploymentPostprocessing = 0;
		};
		751D534D1EC4402D00FC3922 /* Frameworks */ = {
			isa = PBXFrameworksBuildPhase;
			buildActionMask = 2147483647;
			files = (
			);
			runOnlyForDeploymentPostprocessing = 0;
		};
		751D53581EC4402D00FC3922 /* Frameworks */ = {
			isa = PBXFrameworksBuildPhase;
			buildActionMask = 2147483647;
			files = (
			);
			runOnlyForDeploymentPostprocessing = 0;
		};
/* End PBXFrameworksBuildPhase section */

/* Begin PBXGroup section */
		751D53331EC4402C00FC3922 = {
			isa = PBXGroup;
			children = (
				751D533E1EC4402C00FC3922 /* Thuc hanh 3 */,
				751D53531EC4402D00FC3922 /* Thuc hanh 3Tests */,
				751D535E1EC4402D00FC3922 /* Thuc hanh 3UITests */,
				751D533D1EC4402C00FC3922 /* Products */,
			);
			sourceTree = "<group>";
		};
		751D533D1EC4402C00FC3922 /* Products */ = {
			isa = PBXGroup;
			children = (
				751D533C1EC4402C00FC3922 /* Thuc hanh 3.app */,
				751D53501EC4402D00FC3922 /* Thuc hanh 3Tests.xctest */,
				751D535B1EC4402D00FC3922 /* Thuc hanh 3UITests.xctest */,
			);
			name = Products;
			sourceTree = "<group>";
		};
		751D533E1EC4402C00FC3922 /* Thuc hanh 3 */ = {
			isa = PBXGroup;
			children = (
				751D533F1EC4402C00FC3922 /* AppDelegate.swift */,
				751D53411EC4402C00FC3922 /* ViewController.swift */,
				751D53431EC4402C00FC3922 /* Main.storyboard */,
				751D53461EC4402C00FC3922 /* Assets.xcassets */,
				751D53481EC4402C00FC3922 /* LaunchScreen.storyboard */,
				751D534B1EC4402C00FC3922 /* Info.plist */,
				751D536D1EC441FE00FC3922 /* vidu.plist */,
			);
			path = "Thuc hanh 3";
			sourceTree = "<group>";
		};
		751D53531EC4402D00FC3922 /* Thuc hanh 3Tests */ = {
			isa = PBXGroup;
			children = (
				751D53541EC4402D00FC3922 /* Thuc_hanh_3Tests.swift */,
				751D53561EC4402D00FC3922 /* Info.plist */,
			);
			path = "Thuc hanh 3Tests";
			sourceTree = "<group>";
		};
		751D535E1EC4402D00FC3922 /* Thuc hanh 3UITests */ = {
			isa = PBXGroup;
			children = (
				751D535F1EC4402E00FC3922 /* Thuc_hanh_3UITests.swift */,
				751D53611EC4402E00FC3922 /* Info.plist */,
			);
			path = "Thuc hanh 3UITests";
			sourceTree = "<group>";
		};
/* End PBXGroup section */

/* Begin PBXNativeTarget section */
		751D533B1EC4402C00FC3922 /* Thuc hanh 3 */ = {
			isa = PBXNativeTarget;
			buildConfigurationList = 751D53641EC4402E00FC3922 /* Build configuration list for PBXNativeTarget "Thuc hanh 3" */;
			buildPhases = (
				751D53381EC4402C00FC3922 /* Sources */,
				751D53391EC4402C00FC3922 /* Frameworks */,
				751D533A1EC4402C00FC3922 /* Resources */,
			);
			buildRules = (
			);
			dependencies = (
			);
			name = "Thuc hanh 3";
			productName = "Thuc hanh 3";
			productReference = 751D533C1EC4402C00FC3922 /* Thuc hanh 3.app */;
			productType = "com.apple.product-type.application";
		};
		751D534F1EC4402D00FC3922 /* Thuc hanh 3Tests */ = {
			isa = PBXNativeTarget;
			buildConfigurationList = 751D53671EC4402E00FC3922 /* Build configuration list for PBXNativeTarget "Thuc hanh 3Tests" */;
			buildPhases = (
				751D534C1EC4402D00FC3922 /* Sources */,
				751D534D1EC4402D00FC3922 /* Frameworks */,
				751D534E1EC4402D00FC3922 /* Resources */,
			);
			buildRules = (
			);
			dependencies = (
				751D53521EC4402D00FC3922 /* PBXTargetDependency */,
			);
			name = "Thuc hanh 3Tests";
			productName = "Thuc hanh 3Tests";
			productReference = 751D53501EC4402D00FC3922 /* Thuc hanh 3Tests.xctest */;
			productType = "com.apple.product-type.bundle.unit-test";
		};
		751D535A1EC4402D00FC3922 /* Thuc hanh 3UITests */ = {
			isa = PBXNativeTarget;
			buildConfigurationList = 751D536A1EC4402E00FC3922 /* Build configuration list for PBXNativeTarget "Thuc hanh 3UITests" */;
			buildPhases = (
				751D53571EC4402D00FC3922 /* Sources */,
				751D53581EC4402D00FC3922 /* Frameworks */,
				751D53591EC4402D00FC3922 /* Resources */,
			);
			buildRules = (
			);
			dependencies = (
				751D535D1EC4402D00FC3922 /* PBXTargetDependency */,
			);
			name = "Thuc hanh 3UITests";
			productName = "Thuc hanh 3UITests";
			productReference = 751D535B1EC4402D00FC3922 /* Thuc hanh 3UITests.xctest */;
			productType = "com.apple.product-type.bundle.ui-testing";
		};
/* End PBXNativeTarget section */

/* Begin PBXProject section */
		751D53341EC4402C00FC3922 /* Project object */ = {
			isa = PBXProject;
			attributes = {
				LastSwiftUpdateCheck = 0830;
				LastUpgradeCheck = 0830;
				ORGANIZATIONNAME = TTB;
				TargetAttributes = {
					751D533B1EC4402C00FC3922 = {
						CreatedOnToolsVersion = 8.3.2;
						ProvisioningStyle = Automatic;
					};
					751D534F1EC4402D00FC3922 = {
						CreatedOnToolsVersion = 8.3.2;
						ProvisioningStyle = Automatic;
						TestTargetID = 751D533B1EC4402C00FC3922;
					};
					751D535A1EC4402D00FC3922 = {
						CreatedOnToolsVersion = 8.3.2;
						ProvisioningStyle = Automatic;
						TestTargetID = 751D533B1EC4402C00FC3922;
					};
				};
			};
			buildConfigurationList = 751D53371EC4402C00FC3922 /* Build configuration list for PBXProject "Thuc hanh 3" */;
			compatibilityVersion = "Xcode 3.2";
			developmentRegion = English;
			hasScannedForEncodings = 0;
			knownRegions = (
				en,
				Base,
			);
			mainGroup = 751D53331EC4402C00FC3922;
			productRefGroup = 751D533D1EC4402C00FC3922 /* Products */;
			projectDirPath = "";
			projectRoot = "";
			targets = (
				751D533B1EC4402C00FC3922 /* Thuc hanh 3 */,
				751D534F1EC4402D00FC3922 /* Thuc hanh 3Tests */,
				751D535A1EC4402D00FC3922 /* Thuc hanh 3UITests */,
			);
		};
/* End PBXProject section */

/* Begin PBXResourcesBuildPhase section */
		751D533A1EC4402C00FC3922 /* Resources */ = {
			isa = PBXResourcesBuildPhase;
			buildActionMask = 2147483647;
			files = (
				751D536E1EC441FE00FC3922 /* vidu.plist in Resources */,
				751D534A1EC4402C00FC3922 /* LaunchScreen.storyboard in Resources */,
				751D53471EC4402C00FC3922 /* Assets.xcassets in Resources */,
				751D53451EC4402C00FC3922 /* Main.storyboard in Resources */,
			);
			runOnlyForDeploymentPostprocessing = 0;
		};
		751D534E1EC4402D00FC3922 /* Resources */ = {
			isa = PBXResourcesBuildPhase;
			buildActionMask = 2147483647;
			files = (
			);
			runOnlyForDeploymentPostprocessing = 0;
		};
		751D53591EC4402D00FC3922 /* Resources */ = {
			isa = PBXResourcesBuildPhase;
			buildActionMask = 2147483647;
			files = (
			);
			runOnlyForDeploymentPostprocessing = 0;
		};
/* End PBXResourcesBuildPhase section */

/* Begin PBXSourcesBuildPhase section */
		751D53381EC4402C00FC3922 /* Sources */ = {
			isa = PBXSourcesBuildPhase;
			buildActionMask = 2147483647;
			files = (
				751D53421EC4402C00FC3922 /* ViewController.swift in Sources */,
				751D53401EC4402C00FC3922 /* AppDelegate.swift in Sources */,
			);
			runOnlyForDeploymentPostprocessing = 0;
		};
		751D534C1EC4402D00FC3922 /* Sources */ = {
			isa = PBXSourcesBuildPhase;
			buildActionMask = 2147483647;
			files = (
				751D53551EC4402D00FC3922 /* Thuc_hanh_3Tests.swift in Sources */,
			);
			runOnlyForDeploymentPostprocessing = 0;
		};
		751D53571EC4402D00FC3922 /* Sources */ = {
			isa = PBXSourcesBuildPhase;
			buildActionMask = 2147483647;
			files = (
				751D53601EC4402E00FC3922 /* Thuc_hanh_3UITests.swift in Sources */,
			);
			runOnlyForDeploymentPostprocessing = 0;
		};
/* End PBXSourcesBuildPhase section */

/* Begin PBXTargetDependency section */
		751D53521EC4402D00FC3922 /* PBXTargetDependency */ = {
			isa = PBXTargetDependency;
			target = 751D533B1EC4402C00FC3922 /* Thuc hanh 3 */;
			targetProxy = 751D53511EC4402D00FC3922 /* PBXContainerItemProxy */;
		};
		751D535D1EC4402D00FC3922 /* PBXTargetDependency */ = {
			isa = PBXTargetDependency;
			target = 751D533B1EC4402C00FC3922 /* Thuc hanh 3 */;
			targetProxy = 751D535C1EC4402D00FC3922 /* PBXContainerItemProxy */;
		};
/* End PBXTargetDependency section */

/* Begin PBXVariantGroup section */
		751D53431EC4402C00FC3922 /* Main.storyboard */ = {
			isa = PBXVariantGroup;
			children = (
				751D53441EC4402C00FC3922 /* Base */,
			);
			name = Main.storyboard;
			sourceTree = "<group>";
		};
		751D53481EC4402C00FC3922 /* LaunchScreen.storyboard */ = {
			isa = PBXVariantGroup;
			children = (
				751D53491EC4402C00FC3922 /* Base */,
			);
			name = LaunchScreen.storyboard;
			sourceTree = "<group>";
		};
/* End PBXVariantGroup section */

/* Begin XCBuildConfiguration section */
		751D53621EC4402E00FC3922 /* Debug */ = {
			isa = XCBuildConfiguration;
			buildSettings = {
				ALWAYS_SEARCH_USER_PATHS = NO;
				CLANG_ANALYZER_NONNULL = YES;
				CLANG_ANALYZER_NUMBER_OBJECT_CONVERSION = YES_AGGRESSIVE;
				CLANG_CXX_LANGUAGE_STANDARD = "gnu++0x";
				CLANG_CXX_LIBRARY = "libc++";
				CLANG_ENABLE_MODULES = YES;
				CLANG_ENABLE_OBJC_ARC = YES;
				CLANG_WARN_BOOL_CONVERSION = YES;
				CLANG_WARN_CONSTANT_CONVERSION = YES;
				CLANG_WARN_DIRECT_OBJC_ISA_USAGE = YES_ERROR;
				CLANG_WARN_DOCUMENTATION_COMMENTS = YES;
				CLANG_WARN_EMPTY_BODY = YES;
				CLANG_WARN_ENUM_CONVERSION = YES;
				CLANG_WARN_INFINITE_RECURSION = YES;
				CLANG_WARN_INT_CONVERSION = YES;
				CLANG_WARN_OBJC_ROOT_CLASS = YES_ERROR;
				CLANG_WARN_SUSPICIOUS_MOVE = YES;
				CLANG_WARN_UNREACHABLE_CODE = YES;
				CLANG_WARN__DUPLICATE_METHOD_MATCH = YES;
				"CODE_SIGN_IDENTITY[sdk=iphoneos*]" = "iPhone Developer";
				COPY_PHASE_STRIP = NO;
				DEBUG_INFORMATION_FORMAT = dwarf;
				ENABLE_STRICT_OBJC_MSGSEND = YES;
				ENABLE_TESTABILITY = YES;
				GCC_C_LANGUAGE_STANDARD = gnu99;
				GCC_DYNAMIC_NO_PIC = NO;
				GCC_NO_COMMON_BLOCKS = YES;
				GCC_OPTIMIZATION_LEVEL = 0;
				GCC_PREPROCESSOR_DEFINITIONS = (
					"DEBUG=1",
					"$(inherited)",
				);
				GCC_WARN_64_TO_32_BIT_CONVERSION = YES;
				GCC_WARN_ABOUT_RETURN_TYPE = YES_ERROR;
				GCC_WARN_UNDECLARED_SELECTOR = YES;
				GCC_WARN_UNINITIALIZED_AUTOS = YES_AGGRESSIVE;
				GCC_WARN_UNUSED_FUNCTION = YES;
				GCC_WARN_UNUSED_VARIABLE = YES;
				IPHONEOS_DEPLOYMENT_TARGET = 10.3;
				MTL_ENABLE_DEBUG_INFO = YES;
				ONLY_ACTIVE_ARCH = YES;
				SDKROOT = iphoneos;
				SWIFT_ACTIVE_COMPILATION_CONDITIONS = DEBUG;
				SWIFT_OPTIMIZATION_LEVEL = "-Onone";
				TARGETED_DEVICE_FAMILY = "1,2";
			};
			name = Debug;
		};
		751D53631EC4402E00FC3922 /* Release */ = {
			isa = XCBuildConfiguration;
			buildSettings = {
				ALWAYS_SEARCH_USER_PATHS = NO;
				CLANG_ANALYZER_NONNULL = YES;
				CLANG_ANALYZER_NUMBER_OBJECT_CONVERSION = YES_AGGRESSIVE;
				CLANG_CXX_LANGUAGE_STANDARD = "gnu++0x";
				CLANG_CXX_LIBRARY = "libc++";
				CLANG_ENABLE_MODULES = YES;
				CLANG_ENABLE_OBJC_ARC = YES;
				CLANG_WARN_BOOL_CONVERSION = YES;
				CLANG_WARN_CONSTANT_CONVERSION = YES;
				CLANG_WARN_DIRECT_OBJC_ISA_USAGE = YES_ERROR;
				CLANG_WARN_DOCUMENTATION_COMMENTS = YES;
				CLANG_WARN_EMPTY_BODY = YES;
				CLANG_WARN_ENUM_CONVERSION = YES;
				CLANG_WARN_INFINITE_RECURSION = YES;
				CLANG_WARN_INT_CONVERSION = YES;
				CLANG_WARN_OBJC_ROOT_CLASS = YES_ERROR;
				CLANG_WARN_SUSPICIOUS_MOVE = YES;
				CLANG_WARN_UNREACHABLE_CODE = YES;
				CLANG_WARN__DUPLICATE_METHOD_MATCH = YES;
				"CODE_SIGN_IDENTITY[sdk=iphoneos*]" = "iPhone Developer";
				COPY_PHASE_STRIP = NO;
				DEBUG_INFORMATION_FORMAT = "dwarf-with-dsym";
				ENABLE_NS_ASSERTIONS = NO;
				ENABLE_STRICT_OBJC_MSGSEND = YES;
				GCC_C_LANGUAGE_STANDARD = gnu99;
				GCC_NO_COMMON_BLOCKS = YES;
				GCC_WARN_64_TO_32_BIT_CONVERSION = YES;
				GCC_WARN_ABOUT_RETURN_TYPE = YES_ERROR;
				GCC_WARN_UNDECLARED_SELECTOR = YES;
				GCC_WARN_UNINITIALIZED_AUTOS = YES_AGGRESSIVE;
				GCC_WARN_UNUSED_FUNCTION = YES;
				GCC_WARN_UNUSED_VARIABLE = YES;
				IPHONEOS_DEPLOYMENT_TARGET = 10.3;
				MTL_ENABLE_DEBUG_INFO = NO;
				SDKROOT = iphoneos;
				SWIFT_OPTIMIZATION_LEVEL = "-Owholemodule";
				TARGETED_DEVICE_FAMILY = "1,2";
				VALIDATE_PRODUCT = YES;
			};
			name = Release;
		};
		751D53651EC4402E00FC3922 /* Debug */ = {
			isa = XCBuildConfiguration;
			buildSettings = {
				ASSETCATALOG_COMPILER_APPICON_NAME = AppIcon;
				INFOPLIST_FILE = "Thuc hanh 3/Info.plist";
				LD_RUNPATH_SEARCH_PATHS = "$(inherited) @executable_path/Frameworks";
				PRODUCT_BUNDLE_IDENTIFIER = "spkt.Thuc-hanh-3";
				PRODUCT_NAME = "$(TARGET_NAME)";
				SWIFT_VERSION = 3.0;
			};
			name = Debug;
		};
		751D53661EC4402E00FC3922 /* Release */ = {
			isa = XCBuildConfiguration;
			buildSettings = {
				ASSETCATALOG_COMPILER_APPICON_NAME = AppIcon;
				INFOPLIST_FILE = "Thuc hanh 3/Info.plist";
				LD_RUNPATH_SEARCH_PATHS = "$(inherited) @executable_path/Frameworks";
				PRODUCT_BUNDLE_IDENTIFIER = "spkt.Thuc-hanh-3";
				PRODUCT_NAME = "$(TARGET_NAME)";
				SWIFT_VERSION = 3.0;
			};
			name = Release;
		};
		751D53681EC4402E00FC3922 /* Debug */ = {
			isa = XCBuildConfiguration;
			buildSettings = {
				ALWAYS_EMBED_SWIFT_STANDARD_LIBRARIES = YES;
				BUNDLE_LOADER = "$(TEST_HOST)";
				INFOPLIST_FILE = "Thuc hanh 3Tests/Info.plist";
				LD_RUNPATH_SEARCH_PATHS = "$(inherited) @executable_path/Frameworks @loader_path/Frameworks";
				PRODUCT_BUNDLE_IDENTIFIER = "spkt.Thuc-hanh-3Tests";
				PRODUCT_NAME = "$(TARGET_NAME)";
				SWIFT_VERSION = 3.0;
				TEST_HOST = "$(BUILT_PRODUCTS_DIR)/Thuc hanh 3.app/Thuc hanh 3";
			};
			name = Debug;
		};
		751D53691EC4402E00FC3922 /* Release */ = {
			isa = XCBuildConfiguration;
			buildSettings = {
				ALWAYS_EMBED_SWIFT_STANDARD_LIBRARIES = YES;
				BUNDLE_LOADER = "$(TEST_HOST)";
				INFOPLIST_FILE = "Thuc hanh 3Tests/Info.plist";
				LD_RUNPATH_SEARCH_PATHS = "$(inherited) @executable_path/Frameworks @loader_path/Frameworks";
				PRODUCT_BUNDLE_IDENTIFIER = "spkt.Thuc-hanh-3Tests";
				PRODUCT_NAME = "$(TARGET_NAME)";
				SWIFT_VERSION = 3.0;
				TEST_HOST = "$(BUILT_PRODUCTS_DIR)/Thuc hanh 3.app/Thuc hanh 3";
			};
			name = Release;
		};
		751D536B1EC4402E00FC3922 /* Debug */ = {
			isa = XCBuildConfiguration;
			buildSettings = {
				ALWAYS_EMBED_SWIFT_STANDARD_LIBRARIES = YES;
				INFOPLIST_FILE = "Thuc hanh 3UITests/Info.plist";
				LD_RUNPATH_SEARCH_PATHS = "$(inherited) @executable_path/Frameworks @loader_path/Frameworks";
				PRODUCT_BUNDLE_IDENTIFIER = "spkt.Thuc-hanh-3UITests";
				PRODUCT_NAME = "$(TARGET_NAME)";
				SWIFT_VERSION = 3.0;
				TEST_TARGET_NAME = "Thuc hanh 3";
			};
			name = Debug;
		};
		751D536C1EC4402E00FC3922 /* Release */ = {
			isa = XCBuildConfiguration;
			buildSettings = {
				ALWAYS_EMBED_SWIFT_STANDARD_LIBRARIES = YES;
				INFOPLIST_FILE = "Thuc hanh 3UITests/Info.plist";
				LD_RUNPATH_SEARCH_PATHS = "$(inherited) @executable_path/Frameworks @loader_path/Frameworks";
				PRODUCT_BUNDLE_IDENTIFIER = "spkt.Thuc-hanh-3UITests";
				PRODUCT_NAME = "$(TARGET_NAME)";
				SWIFT_VERSION = 3.0;
				TEST_TARGET_NAME = "Thuc hanh 3";
			};
			name = Release;
		};
/* End XCBuildConfiguration section */

/* Begin XCConfigurationList section */
		751D53371EC4402C00FC3922 /* Build configuration list for PBXProject "Thuc hanh 3" */ = {
			isa = XCConfigurationList;
			buildConfigurations = (
				751D53621EC4402E00FC3922 /* Debug */,
				751D53631EC4402E00FC3922 /* Release */,
			);
			defaultConfigurationIsVisible = 0;
			defaultConfigurationName = Release;
		};
		751D53641EC4402E00FC3922 /* Build configuration list for PBXNativeTarget "Thuc hanh 3" */ = {
			isa = XCConfigurationList;
			buildConfigurations = (
				751D53651EC4402E00FC3922 /* Debug */,
				751D53661EC4402E00FC3922 /* Release */,
			);
			defaultConfigurationIsVisible = 0;
		};
		751D53671EC4402E00FC3922 /* Build configuration list for PBXNativeTarget "Thuc hanh 3Tests" */ = {
			isa = XCConfigurationList;
			buildConfigurations = (
				751D53681EC4402E00FC3922 /* Debug */,
				751D53691EC4402E00FC3922 /* Release */,
			);
			defaultConfigurationIsVisible = 0;
		};
		751D536A1EC4402E00FC3922 /* Build configuration list for PBXNativeTarget "Thuc hanh 3UITests" */ = {
			isa = XCConfigurationList;
			buildConfigurations = (
				751D536B1EC4402E00FC3922 /* Debug */,
				751D536C1EC4402E00FC3922 /* Release */,
			);
			defaultConfigurationIsVisible = 0;
		};
/* End XCConfigurationList section */
	};
	rootObject = 751D53341EC4402C00FC3922 /* Project object */;
}
